
Microsoft Visual Studio Solution File, Format Version 11.00
# Visual Studio 2010
Project("{FAE04EC0-301F-11D3-BF4B-00C04F79EFBC}") = "Trial1", "Assembly-CSharp.csproj", "{A7CF4542-C7AD-3EE7-EF09-066AF62B007C}"
EndProject
Project("{FAE04EC0-301F-11D3-BF4B-00C04F79EFBC}") = "Trial1", "Assembly-CSharp-firstpass.csproj", "{77522B3D-38E8-812C-687B-0466B7F17FE1}"
EndProject
Project("{FAE04EC0-301F-11D3-BF4B-00C04F79EFBC}") = "Trial1", "Assembly-CSharp-Editor-firstpass.csproj", "{2355CD2E-9CFB-9C08-5BE3-50AE0C03C419}"
EndProject
Project("{FAE04EC0-301F-11D3-BF4B-00C04F79EFBC}") = "Trial1", "Assembly-CSharp-Editor.csproj", "{AE1CDA85-A24C-A9D7-2609-27F00D78A35D}"
EndProject
Global
	GlobalSection(SolutionConfigurationPlatforms) = preSolution
		Debug|Any CPU = Debug|Any CPU
		Release|Any CPU = Release|Any CPU
	EndGlobalSection
	GlobalSection(ProjectConfigurationPlatforms) = postSolution
		{A7CF4542-C7AD-3EE7-EF09-066AF62B007C}.Debug|Any CPU.ActiveCfg = Debug|Any CPU
		{A7CF4542-C7AD-3EE7-EF09-066AF62B007C}.Debug|Any CPU.Build.0 = Debug|Any CPU
		{A7CF4542-C7AD-3EE7-EF09-066AF62B007C}.Release|Any CPU.ActiveCfg = Release|Any CPU
		{A7CF4542-C7AD-3EE7-EF09-066AF62B007C}.Release|Any CPU.Build.0 = Release|Any CPU
		{77522B3D-38E8-812C-687B-0466B7F17FE1}.Debug|Any CPU.ActiveCfg = Debug|Any CPU
		{77522B3D-38E8-812C-687B-0466B7F17FE1}.Debug|Any CPU.Build.0 = Debug|Any CPU
		{77522B3D-38E8-812C-687B-0466B7F17FE1}.Release|Any CPU.ActiveCfg = Release|Any CPU
		{77522B3D-38E8-812C-687B-0466B7F17FE1}.Release|Any CPU.Build.0 = Release|Any CPU
		{2355CD2E-9CFB-9C08-5BE3-50AE0C03C419}.Debug|Any CPU.ActiveCfg = Debug|Any CPU
		{2355CD2E-9CFB-9C08-5BE3-50AE0C03C419}.Debug|Any CPU.Build.0 = Debug|Any CPU
		{2355CD2E-9CFB-9C08-5BE3-50AE0C03C419}.Release|Any CPU.ActiveCfg = Release|Any CPU
		{2355CD2E-9CFB-9C08-5BE3-50AE0C03C419}.Release|Any CPU.Build.0 = Release|Any CPU
		{AE1CDA85-A24C-A9D7-2609-27F00D78A35D}.Debug|Any CPU.ActiveCfg = Debug|Any CPU
		{AE1CDA85-A24C-A9D7-2609-27F00D78A35D}.Debug|Any CPU.Build.0 = Debug|Any CPU
		{AE1CDA85-A24C-A9D7-2609-27F00D78A35D}.Release|Any CPU.ActiveCfg = Release|Any CPU
		{AE1CDA85-A24C-A9D7-2609-27F00D78A35D}.Release|Any CPU.Build.0 = Release|Any CPU
	EndGlobalSection
	GlobalSection(SolutionProperties) = preSolution
		HideSolutionNode = FALSE
	EndGlobalSection
	GlobalSection(MonoDevelopProperties) = preSolution
		StartupItem = Assembly-CSharp.csproj
	EndGlobalSection
EndGlobal
